
Microsoft Visual Studio Solution File, Format Version 12.00
# Visual Studio Version 17
VisualStudioVersion = 17.9.34728.123
MinimumVisualStudioVersion = 10.0.40219.1
Project("{2150E333-8FDC-42A3-9474-1A3956D46DE8}") = "0.FramWork", "0.FramWork", "{0CB35A9A-A0DD-4C8C-8522-A8403C23D445}"
EndProject
Project("{2150E333-8FDC-42A3-9474-1A3956D46DE8}") = "1.Domain", "1.Domain", "{3F3D73BB-0D0B-4F9F-8297-7FEE0C303EAD}"
EndProject
Project("{2150E333-8FDC-42A3-9474-1A3956D46DE8}") = "2.Infastructure", "2.Infastructure", "{A1FC8D9E-8364-4EB7-869C-21756AB0FB6F}"
EndProject
Project("{2150E333-8FDC-42A3-9474-1A3956D46DE8}") = "4.Endpoints", "4.Endpoints", "{A21494F3-AC06-45AE-91D9-6CBCDF5246CD}"
EndProject
Project("{2150E333-8FDC-42A3-9474-1A3956D46DE8}") = "3.UnitTest", "3.UnitTest", "{8FB646DE-5B4F-4470-A214-D823E08CC27A}"
EndProject
Project("{2150E333-8FDC-42A3-9474-1A3956D46DE8}") = "SRC", "SRC", "{AD4778CC-E7D3-4F82-B26B-D8598701D674}"
EndProject
Project("{9A19103F-16F7-4668-BE54-9A1E7A4F7556}") = "FrameWork", "FrameWork\FrameWork.csproj", "{C1B33C03-DDC5-42D6-A78C-1845E7A4EAB6}"
EndProject
Project("{2150E333-8FDC-42A3-9474-1A3956D46DE8}") = "1.Core", "1.Core", "{7E4825C4-3142-4AA8-9C27-4C29E30EA0EF}"
EndProject
Project("{2150E333-8FDC-42A3-9474-1A3956D46DE8}") = "2.Service", "2.Service", "{2FD7B917-8516-43EC-B9A6-25E735C81632}"
EndProject
Project("{9A19103F-16F7-4668-BE54-9A1E7A4F7556}") = "APAF.Domain.Core", "APAF.Domain.Core\APAF.Domain.Core.csproj", "{F74FAE76-C0DF-4521-8869-2AFDECC79380}"
EndProject
Project("{9A19103F-16F7-4668-BE54-9A1E7A4F7556}") = "APAF.AppServices.Domain", "APAF.AppServices.Domain\APAF.AppServices.Domain.csproj", "{8FB00DC4-E0BE-48AD-AC9E-57E2E5F7DFB2}"
EndProject
Project("{9A19103F-16F7-4668-BE54-9A1E7A4F7556}") = "APAF.Services.Domain", "APAF.Services.Doamin\APAF.Services.Domain.csproj", "{5854C5E6-C13A-41A2-AB2B-BC2A37C52CB2}"
EndProject
Project("{9A19103F-16F7-4668-BE54-9A1E7A4F7556}") = "APAF.Infrastructure.EFCore", "APAF.Infrustructuer.EFCore\APAF.Infrastructure.EFCore.csproj", "{91287007-BCFD-4F94-AC1F-09A9D90BF332}"
EndProject
Project("{9A19103F-16F7-4668-BE54-9A1E7A4F7556}") = "APAF.Redis", "AP.AF.Redis\APAF.Redis.csproj", "{D55AA8FB-0376-4BD6-9517-948183D2F875}"
EndProject
Project("{9A19103F-16F7-4668-BE54-9A1E7A4F7556}") = "AFAPIUnity", "AFAPIUnity\AFAPIUnity.csproj", "{BF24CEA6-64FB-4216-872E-0D10E6986D17}"
EndProject
Project("{9A19103F-16F7-4668-BE54-9A1E7A4F7556}") = "Panel", "Panel\Panel.csproj", "{34E1D73C-20C8-4B81-922B-F63F5AD8F53B}"
EndProject
Project("{2150E333-8FDC-42A3-9474-1A3956D46DE8}") = "RemoveDueToNDA", "RemoveDueToNDA", "{9293FE74-9C69-4202-85E6-6754D1664C99}"
EndProject
Global
	GlobalSection(SolutionConfigurationPlatforms) = preSolution
		Debug|Any CPU = Debug|Any CPU
		Release|Any CPU = Release|Any CPU
	EndGlobalSection
	GlobalSection(ProjectConfigurationPlatforms) = postSolution
		{C1B33C03-DDC5-42D6-A78C-1845E7A4EAB6}.Debug|Any CPU.ActiveCfg = Debug|Any CPU
		{C1B33C03-DDC5-42D6-A78C-1845E7A4EAB6}.Debug|Any CPU.Build.0 = Debug|Any CPU
		{C1B33C03-DDC5-42D6-A78C-1845E7A4EAB6}.Release|Any CPU.ActiveCfg = Release|Any CPU
		{C1B33C03-DDC5-42D6-A78C-1845E7A4EAB6}.Release|Any CPU.Build.0 = Release|Any CPU
		{F74FAE76-C0DF-4521-8869-2AFDECC79380}.Debug|Any CPU.ActiveCfg = Debug|Any CPU
		{F74FAE76-C0DF-4521-8869-2AFDECC79380}.Debug|Any CPU.Build.0 = Debug|Any CPU
		{F74FAE76-C0DF-4521-8869-2AFDECC79380}.Release|Any CPU.ActiveCfg = Release|Any CPU
		{F74FAE76-C0DF-4521-8869-2AFDECC79380}.Release|Any CPU.Build.0 = Release|Any CPU
		{8FB00DC4-E0BE-48AD-AC9E-57E2E5F7DFB2}.Debug|Any CPU.ActiveCfg = Debug|Any CPU
		{8FB00DC4-E0BE-48AD-AC9E-57E2E5F7DFB2}.Debug|Any CPU.Build.0 = Debug|Any CPU
		{8FB00DC4-E0BE-48AD-AC9E-57E2E5F7DFB2}.Release|Any CPU.ActiveCfg = Release|Any CPU
		{8FB00DC4-E0BE-48AD-AC9E-57E2E5F7DFB2}.Release|Any CPU.Build.0 = Release|Any CPU
		{5854C5E6-C13A-41A2-AB2B-BC2A37C52CB2}.Debug|Any CPU.ActiveCfg = Debug|Any CPU
		{5854C5E6-C13A-41A2-AB2B-BC2A37C52CB2}.Debug|Any CPU.Build.0 = Debug|Any CPU
		{5854C5E6-C13A-41A2-AB2B-BC2A37C52CB2}.Release|Any CPU.ActiveCfg = Release|Any CPU
		{5854C5E6-C13A-41A2-AB2B-BC2A37C52CB2}.Release|Any CPU.Build.0 = Release|Any CPU
		{91287007-BCFD-4F94-AC1F-09A9D90BF332}.Debug|Any CPU.ActiveCfg = Debug|Any CPU
		{91287007-BCFD-4F94-AC1F-09A9D90BF332}.Debug|Any CPU.Build.0 = Debug|Any CPU
		{91287007-BCFD-4F94-AC1F-09A9D90BF332}.Release|Any CPU.ActiveCfg = Release|Any CPU
		{91287007-BCFD-4F94-AC1F-09A9D90BF332}.Release|Any CPU.Build.0 = Release|Any CPU
		{D55AA8FB-0376-4BD6-9517-948183D2F875}.Debug|Any CPU.ActiveCfg = Debug|Any CPU
		{D55AA8FB-0376-4BD6-9517-948183D2F875}.Debug|Any CPU.Build.0 = Debug|Any CPU
		{D55AA8FB-0376-4BD6-9517-948183D2F875}.Release|Any CPU.ActiveCfg = Release|Any CPU
		{D55AA8FB-0376-4BD6-9517-948183D2F875}.Release|Any CPU.Build.0 = Release|Any CPU
		{BF24CEA6-64FB-4216-872E-0D10E6986D17}.Debug|Any CPU.ActiveCfg = Debug|Any CPU
		{BF24CEA6-64FB-4216-872E-0D10E6986D17}.Debug|Any CPU.Build.0 = Debug|Any CPU
		{BF24CEA6-64FB-4216-872E-0D10E6986D17}.Release|Any CPU.ActiveCfg = Release|Any CPU
		{BF24CEA6-64FB-4216-872E-0D10E6986D17}.Release|Any CPU.Build.0 = Release|Any CPU
		{34E1D73C-20C8-4B81-922B-F63F5AD8F53B}.Debug|Any CPU.ActiveCfg = Debug|Any CPU
		{34E1D73C-20C8-4B81-922B-F63F5AD8F53B}.Debug|Any CPU.Build.0 = Debug|Any CPU
		{34E1D73C-20C8-4B81-922B-F63F5AD8F53B}.Release|Any CPU.ActiveCfg = Release|Any CPU
		{34E1D73C-20C8-4B81-922B-F63F5AD8F53B}.Release|Any CPU.Build.0 = Release|Any CPU
	EndGlobalSection
	GlobalSection(SolutionProperties) = preSolution
		HideSolutionNode = FALSE
	EndGlobalSection
	GlobalSection(NestedProjects) = preSolution
		{0CB35A9A-A0DD-4C8C-8522-A8403C23D445} = {AD4778CC-E7D3-4F82-B26B-D8598701D674}
		{3F3D73BB-0D0B-4F9F-8297-7FEE0C303EAD} = {AD4778CC-E7D3-4F82-B26B-D8598701D674}
		{A1FC8D9E-8364-4EB7-869C-21756AB0FB6F} = {AD4778CC-E7D3-4F82-B26B-D8598701D674}
		{A21494F3-AC06-45AE-91D9-6CBCDF5246CD} = {AD4778CC-E7D3-4F82-B26B-D8598701D674}
		{8FB646DE-5B4F-4470-A214-D823E08CC27A} = {AD4778CC-E7D3-4F82-B26B-D8598701D674}
		{C1B33C03-DDC5-42D6-A78C-1845E7A4EAB6} = {0CB35A9A-A0DD-4C8C-8522-A8403C23D445}
		{7E4825C4-3142-4AA8-9C27-4C29E30EA0EF} = {3F3D73BB-0D0B-4F9F-8297-7FEE0C303EAD}
		{2FD7B917-8516-43EC-B9A6-25E735C81632} = {3F3D73BB-0D0B-4F9F-8297-7FEE0C303EAD}
		{F74FAE76-C0DF-4521-8869-2AFDECC79380} = {7E4825C4-3142-4AA8-9C27-4C29E30EA0EF}
		{8FB00DC4-E0BE-48AD-AC9E-57E2E5F7DFB2} = {2FD7B917-8516-43EC-B9A6-25E735C81632}
		{5854C5E6-C13A-41A2-AB2B-BC2A37C52CB2} = {2FD7B917-8516-43EC-B9A6-25E735C81632}
		{91287007-BCFD-4F94-AC1F-09A9D90BF332} = {A1FC8D9E-8364-4EB7-869C-21756AB0FB6F}
		{D55AA8FB-0376-4BD6-9517-948183D2F875} = {A1FC8D9E-8364-4EB7-869C-21756AB0FB6F}
		{BF24CEA6-64FB-4216-872E-0D10E6986D17} = {A21494F3-AC06-45AE-91D9-6CBCDF5246CD}
		{34E1D73C-20C8-4B81-922B-F63F5AD8F53B} = {A21494F3-AC06-45AE-91D9-6CBCDF5246CD}
		{9293FE74-9C69-4202-85E6-6754D1664C99} = {8FB646DE-5B4F-4470-A214-D823E08CC27A}
	EndGlobalSection
	GlobalSection(ExtensibilityGlobals) = postSolution
		SolutionGuid = {24FD4577-EDFD-41AA-BC78-8E2B326E946C}
	EndGlobalSection
EndGlobal
